
Microsoft Visual Studio Solution File, Format Version 12.00
# Visual Studio Version 17
VisualStudioVersion = 17.0.31903.59
MinimumVisualStudioVersion = 10.0.40219.1
Project("{2150E333-8FDC-42A3-9474-1A3956D46DE8}") = "01 - WebApi", "01 - WebApi", "{6F227AE9-C5F2-85F7-4ABA-CE473CA02DD1}"
EndProject
Project("{FAE04EC0-301F-11D3-BF4B-00C04F79EFBC}") = "PortIA.Core.WebApi", "PortIA.Core.WebApi\PortIA.Core.WebApi.csproj", "{31455834-AB8F-4D33-B73C-13618C49F328}"
EndProject
Project("{FAE04EC0-301F-11D3-BF4B-00C04F79EFBC}") = "PortIA.Core.DependencyInjection", "PortIA.Core.DependencyInjection\PortIA.Core.DependencyInjection.csproj", "{AEB7EF3A-9402-4CC9-8F03-0A69DE9D6F4A}"
EndProject
Project("{FAE04EC0-301F-11D3-BF4B-00C04F79EFBC}") = "PortIA.Core.Services", "PortIA.Core.Services\PortIA.Core.Services.csproj", "{82810A58-E8B3-49AE-9A85-246159249B64}"
EndProject
Project("{FAE04EC0-301F-11D3-BF4B-00C04F79EFBC}") = "PortIA.Core.Configuration", "PortIA.Core.Configuration\PortIA.Core.Configuration.csproj", "{57371BF9-8720-4130-9311-80BB039DB0A1}"
EndProject
Project("{2150E333-8FDC-42A3-9474-1A3956D46DE8}") = "02 - Services", "02 - Services", "{E1C40534-4AF6-4A39-8209-2979CA0ED24B}"
EndProject
Project("{2150E333-8FDC-42A3-9474-1A3956D46DE8}") = "03 - Infrastructure", "03 - Infrastructure", "{E6BF3FB2-3683-64CC-7C64-2749A51C7AFF}"
EndProject
Project("{2150E333-8FDC-42A3-9474-1A3956D46DE8}") = "04 - Tests", "04 - Tests", "{99D3F435-06D4-E564-A8D5-A97A03ACCDD0}"
EndProject
Project("{FAE04EC0-301F-11D3-BF4B-00C04F79EFBC}") = "PortIA.Core.Tests", "PortIA.Core.Tests\PortIA.Core.Tests.csproj", "{941DFBD4-C259-4DDB-B49C-47A0AA373309}"
EndProject
Global
	GlobalSection(SolutionConfigurationPlatforms) = preSolution
		Debug|Any CPU = Debug|Any CPU
		Debug|x64 = Debug|x64
		Debug|x86 = Debug|x86
		Release|Any CPU = Release|Any CPU
		Release|x64 = Release|x64
		Release|x86 = Release|x86
	EndGlobalSection
	GlobalSection(ProjectConfigurationPlatforms) = postSolution
		{31455834-AB8F-4D33-B73C-13618C49F328}.Debug|Any CPU.ActiveCfg = Debug|Any CPU
		{31455834-AB8F-4D33-B73C-13618C49F328}.Debug|Any CPU.Build.0 = Debug|Any CPU
		{31455834-AB8F-4D33-B73C-13618C49F328}.Debug|x64.ActiveCfg = Debug|Any CPU
		{31455834-AB8F-4D33-B73C-13618C49F328}.Debug|x64.Build.0 = Debug|Any CPU
		{31455834-AB8F-4D33-B73C-13618C49F328}.Debug|x86.ActiveCfg = Debug|Any CPU
		{31455834-AB8F-4D33-B73C-13618C49F328}.Debug|x86.Build.0 = Debug|Any CPU
		{31455834-AB8F-4D33-B73C-13618C49F328}.Release|Any CPU.ActiveCfg = Release|Any CPU
		{31455834-AB8F-4D33-B73C-13618C49F328}.Release|Any CPU.Build.0 = Release|Any CPU
		{31455834-AB8F-4D33-B73C-13618C49F328}.Release|x64.ActiveCfg = Release|Any CPU
		{31455834-AB8F-4D33-B73C-13618C49F328}.Release|x64.Build.0 = Release|Any CPU
		{31455834-AB8F-4D33-B73C-13618C49F328}.Release|x86.ActiveCfg = Release|Any CPU
		{31455834-AB8F-4D33-B73C-13618C49F328}.Release|x86.Build.0 = Release|Any CPU
		{AEB7EF3A-9402-4CC9-8F03-0A69DE9D6F4A}.Debug|Any CPU.ActiveCfg = Debug|Any CPU
		{AEB7EF3A-9402-4CC9-8F03-0A69DE9D6F4A}.Debug|Any CPU.Build.0 = Debug|Any CPU
		{AEB7EF3A-9402-4CC9-8F03-0A69DE9D6F4A}.Debug|x64.ActiveCfg = Debug|Any CPU
		{AEB7EF3A-9402-4CC9-8F03-0A69DE9D6F4A}.Debug|x64.Build.0 = Debug|Any CPU
		{AEB7EF3A-9402-4CC9-8F03-0A69DE9D6F4A}.Debug|x86.ActiveCfg = Debug|Any CPU
		{AEB7EF3A-9402-4CC9-8F03-0A69DE9D6F4A}.Debug|x86.Build.0 = Debug|Any CPU
		{AEB7EF3A-9402-4CC9-8F03-0A69DE9D6F4A}.Release|Any CPU.ActiveCfg = Release|Any CPU
		{AEB7EF3A-9402-4CC9-8F03-0A69DE9D6F4A}.Release|Any CPU.Build.0 = Release|Any CPU
		{AEB7EF3A-9402-4CC9-8F03-0A69DE9D6F4A}.Release|x64.ActiveCfg = Release|Any CPU
		{AEB7EF3A-9402-4CC9-8F03-0A69DE9D6F4A}.Release|x64.Build.0 = Release|Any CPU
		{AEB7EF3A-9402-4CC9-8F03-0A69DE9D6F4A}.Release|x86.ActiveCfg = Release|Any CPU
		{AEB7EF3A-9402-4CC9-8F03-0A69DE9D6F4A}.Release|x86.Build.0 = Release|Any CPU
		{82810A58-E8B3-49AE-9A85-246159249B64}.Debug|Any CPU.ActiveCfg = Debug|Any CPU
		{82810A58-E8B3-49AE-9A85-246159249B64}.Debug|Any CPU.Build.0 = Debug|Any CPU
		{82810A58-E8B3-49AE-9A85-246159249B64}.Debug|x64.ActiveCfg = Debug|Any CPU
		{82810A58-E8B3-49AE-9A85-246159249B64}.Debug|x64.Build.0 = Debug|Any CPU
		{82810A58-E8B3-49AE-9A85-246159249B64}.Debug|x86.ActiveCfg = Debug|Any CPU
		{82810A58-E8B3-49AE-9A85-246159249B64}.Debug|x86.Build.0 = Debug|Any CPU
		{82810A58-E8B3-49AE-9A85-246159249B64}.Release|Any CPU.ActiveCfg = Release|Any CPU
		{82810A58-E8B3-49AE-9A85-246159249B64}.Release|Any CPU.Build.0 = Release|Any CPU
		{82810A58-E8B3-49AE-9A85-246159249B64}.Release|x64.ActiveCfg = Release|Any CPU
		{82810A58-E8B3-49AE-9A85-246159249B64}.Release|x64.Build.0 = Release|Any CPU
		{82810A58-E8B3-49AE-9A85-246159249B64}.Release|x86.ActiveCfg = Release|Any CPU
		{82810A58-E8B3-49AE-9A85-246159249B64}.Release|x86.Build.0 = Release|Any CPU
		{57371BF9-8720-4130-9311-80BB039DB0A1}.Debug|Any CPU.ActiveCfg = Debug|Any CPU
		{57371BF9-8720-4130-9311-80BB039DB0A1}.Debug|Any CPU.Build.0 = Debug|Any CPU
		{57371BF9-8720-4130-9311-80BB039DB0A1}.Debug|x64.ActiveCfg = Debug|Any CPU
		{57371BF9-8720-4130-9311-80BB039DB0A1}.Debug|x64.Build.0 = Debug|Any CPU
		{57371BF9-8720-4130-9311-80BB039DB0A1}.Debug|x86.ActiveCfg = Debug|Any CPU
		{57371BF9-8720-4130-9311-80BB039DB0A1}.Debug|x86.Build.0 = Debug|Any CPU
		{57371BF9-8720-4130-9311-80BB039DB0A1}.Release|Any CPU.ActiveCfg = Release|Any CPU
		{57371BF9-8720-4130-9311-80BB039DB0A1}.Release|Any CPU.Build.0 = Release|Any CPU
		{57371BF9-8720-4130-9311-80BB039DB0A1}.Release|x64.ActiveCfg = Release|Any CPU
		{57371BF9-8720-4130-9311-80BB039DB0A1}.Release|x64.Build.0 = Release|Any CPU
		{57371BF9-8720-4130-9311-80BB039DB0A1}.Release|x86.ActiveCfg = Release|Any CPU
		{57371BF9-8720-4130-9311-80BB039DB0A1}.Release|x86.Build.0 = Release|Any CPU
		{941DFBD4-C259-4DDB-B49C-47A0AA373309}.Debug|Any CPU.ActiveCfg = Debug|Any CPU
		{941DFBD4-C259-4DDB-B49C-47A0AA373309}.Debug|Any CPU.Build.0 = Debug|Any CPU
		{941DFBD4-C259-4DDB-B49C-47A0AA373309}.Debug|x64.ActiveCfg = Debug|Any CPU
		{941DFBD4-C259-4DDB-B49C-47A0AA373309}.Debug|x64.Build.0 = Debug|Any CPU
		{941DFBD4-C259-4DDB-B49C-47A0AA373309}.Debug|x86.ActiveCfg = Debug|Any CPU
		{941DFBD4-C259-4DDB-B49C-47A0AA373309}.Debug|x86.Build.0 = Debug|Any CPU
		{941DFBD4-C259-4DDB-B49C-47A0AA373309}.Release|Any CPU.ActiveCfg = Release|Any CPU
		{941DFBD4-C259-4DDB-B49C-47A0AA373309}.Release|Any CPU.Build.0 = Release|Any CPU
		{941DFBD4-C259-4DDB-B49C-47A0AA373309}.Release|x64.ActiveCfg = Release|Any CPU
		{941DFBD4-C259-4DDB-B49C-47A0AA373309}.Release|x64.Build.0 = Release|Any CPU
		{941DFBD4-C259-4DDB-B49C-47A0AA373309}.Release|x86.ActiveCfg = Release|Any CPU
		{941DFBD4-C259-4DDB-B49C-47A0AA373309}.Release|x86.Build.0 = Release|Any CPU
	EndGlobalSection
	GlobalSection(SolutionProperties) = preSolution
		HideSolutionNode = FALSE
	EndGlobalSection
	GlobalSection(NestedProjects) = preSolution
		{31455834-AB8F-4D33-B73C-13618C49F328} = {6F227AE9-C5F2-85F7-4ABA-CE473CA02DD1}
		{AEB7EF3A-9402-4CC9-8F03-0A69DE9D6F4A} = {E6BF3FB2-3683-64CC-7C64-2749A51C7AFF}
		{82810A58-E8B3-49AE-9A85-246159249B64} = {E1C40534-4AF6-4A39-8209-2979CA0ED24B}
		{57371BF9-8720-4130-9311-80BB039DB0A1} = {E6BF3FB2-3683-64CC-7C64-2749A51C7AFF}
		{941DFBD4-C259-4DDB-B49C-47A0AA373309} = {99D3F435-06D4-E564-A8D5-A97A03ACCDD0}
	EndGlobalSection
EndGlobal
